
Microsoft Visual Studio Solution File, Format Version 12.00
# Visual Studio Version 16
VisualStudioVersion = 16.0.30907.101
MinimumVisualStudioVersion = 10.0.40219.1
Project("{FAE04EC0-301F-11D3-BF4B-00C04F79EFBC}") = "TrashCollector", "TrashCollector\TrashCollector.csproj", "{AB649961-64E8-4918-886B-F06155C6D551}"
EndProject
Global
	GlobalSection(SolutionConfigurationPlatforms) = preSolution
		Debug|Any CPU = Debug|Any CPU
		Release|Any CPU = Release|Any CPU
	EndGlobalSection
	GlobalSection(ProjectConfigurationPlatforms) = postSolution
		{AB649961-64E8-4918-886B-F06155C6D551}.Debug|Any CPU.ActiveCfg = Debug|Any CPU
		{AB649961-64E8-4918-886B-F06155C6D551}.Debug|Any CPU.Build.0 = Debug|Any CPU
		{AB649961-64E8-4918-886B-F06155C6D551}.Release|Any CPU.ActiveCfg = Release|Any CPU
		{AB649961-64E8-4918-886B-F06155C6D551}.Release|Any CPU.Build.0 = Release|Any CPU
	EndGlobalSection
	GlobalSection(SolutionProperties) = preSolution
		HideSolutionNode = FALSE
	EndGlobalSection
	GlobalSection(ExtensibilityGlobals) = postSolution
		SolutionGuid = {2585FC5A-B1C9-497E-B1AA-71BD27EA821E}
	EndGlobalSection
EndGlobal
